
Microsoft Visual Studio Solution File, Format Version 12.00
# Visual Studio 15
Project("{FAE04EC0-301F-11D3-BF4B-00C04F79EFBC}") = "OscPack", "OscPack\OscPack.csproj", "{6E7FCFE8-3E61-4FE9-8BDB-5016882058A3}"
EndProject
Project("{FAE04EC0-301F-11D3-BF4B-00C04F79EFBC}") = "OscPack.Test", "OscPack.Test\OscPack.Test.csproj", "{FE25A94B-D19A-45D7-9EC1-1FDE644B90FC}"
EndProject
Global
	GlobalSection(SolutionConfigurationPlatforms) = preSolution
		Debug|Any CPU = Debug|Any CPU
		Release|Any CPU = Release|Any CPU
	EndGlobalSection
	GlobalSection(ProjectConfigurationPlatforms) = postSolution
		{6E7FCFE8-3E61-4FE9-8BDB-5016882058A3}.Debug|Any CPU.ActiveCfg = Debug|Any CPU
		{6E7FCFE8-3E61-4FE9-8BDB-5016882058A3}.Debug|Any CPU.Build.0 = Debug|Any CPU
		{6E7FCFE8-3E61-4FE9-8BDB-5016882058A3}.Release|Any CPU.ActiveCfg = Release|Any CPU
		{6E7FCFE8-3E61-4FE9-8BDB-5016882058A3}.Release|Any CPU.Build.0 = Release|Any CPU
		{FE25A94B-D19A-45D7-9EC1-1FDE644B90FC}.Debug|Any CPU.ActiveCfg = Debug|Any CPU
		{FE25A94B-D19A-45D7-9EC1-1FDE644B90FC}.Debug|Any CPU.Build.0 = Debug|Any CPU
		{FE25A94B-D19A-45D7-9EC1-1FDE644B90FC}.Release|Any CPU.ActiveCfg = Release|Any CPU
		{FE25A94B-D19A-45D7-9EC1-1FDE644B90FC}.Release|Any CPU.Build.0 = Release|Any CPU
	EndGlobalSection
EndGlobal
